
Microsoft Visual Studio Solution File, Format Version 12.00
# Visual Studio Version 16
VisualStudioVersion = 16.0.32510.428
MinimumVisualStudioVersion = 10.0.40219.1
Project("{FAE04EC0-301F-11D3-BF4B-00C04F79EFBC}") = "ECommerceApi", "ECommerceApi\ECommerceApi.csproj", "{00CB64D6-1338-42B1-A4AD-04C244F2BEFD}"
EndProject
Global
	GlobalSection(SolutionConfigurationPlatforms) = preSolution
		Debug|Any CPU = Debug|Any CPU
		Release|Any CPU = Release|Any CPU
	EndGlobalSection
	GlobalSection(ProjectConfigurationPlatforms) = postSolution
		{00CB64D6-1338-42B1-A4AD-04C244F2BEFD}.Debug|Any CPU.ActiveCfg = Debug|Any CPU
		{00CB64D6-1338-42B1-A4AD-04C244F2BEFD}.Debug|Any CPU.Build.0 = Debug|Any CPU
		{00CB64D6-1338-42B1-A4AD-04C244F2BEFD}.Release|Any CPU.ActiveCfg = Release|Any CPU
		{00CB64D6-1338-42B1-A4AD-04C244F2BEFD}.Release|Any CPU.Build.0 = Release|Any CPU
	EndGlobalSection
	GlobalSection(SolutionProperties) = preSolution
		HideSolutionNode = FALSE
	EndGlobalSection
	GlobalSection(ExtensibilityGlobals) = postSolution
		SolutionGuid = {7615ECCD-BA08-45C0-998F-DF4BBBB4FDA0}
	EndGlobalSection
EndGlobal
