
Microsoft Visual Studio Solution File, Format Version 12.00
# Visual Studio Version 16
VisualStudioVersion = 16.0.32510.428
MinimumVisualStudioVersion = 10.0.40219.1
Project("{FAE04EC0-301F-11D3-BF4B-00C04F79EFBC}") = "ConsoleApp19", "ConsoleApp19\ConsoleApp19.csproj", "{11A25A1C-4201-463D-980A-1A384CA2B846}"
EndProject
Global
	GlobalSection(SolutionConfigurationPlatforms) = preSolution
		Debug|Any CPU = Debug|Any CPU
		Release|Any CPU = Release|Any CPU
	EndGlobalSection
	GlobalSection(ProjectConfigurationPlatforms) = postSolution
		{11A25A1C-4201-463D-980A-1A384CA2B846}.Debug|Any CPU.ActiveCfg = Debug|Any CPU
		{11A25A1C-4201-463D-980A-1A384CA2B846}.Debug|Any CPU.Build.0 = Debug|Any CPU
		{11A25A1C-4201-463D-980A-1A384CA2B846}.Release|Any CPU.ActiveCfg = Release|Any CPU
		{11A25A1C-4201-463D-980A-1A384CA2B846}.Release|Any CPU.Build.0 = Release|Any CPU
	EndGlobalSection
	GlobalSection(SolutionProperties) = preSolution
		HideSolutionNode = FALSE
	EndGlobalSection
	GlobalSection(ExtensibilityGlobals) = postSolution
		SolutionGuid = {A37D3716-03D1-43C0-84E3-4DF398C7B1A1}
	EndGlobalSection
EndGlobal
