
Microsoft Visual Studio Solution File, Format Version 12.00
# Visual Studio Version 16
VisualStudioVersion = 16.0.32510.428
MinimumVisualStudioVersion = 10.0.40219.1
Project("{FAE04EC0-301F-11D3-BF4B-00C04F79EFBC}") = "ConsoleApp10", "ConsoleApp10\ConsoleApp10.csproj", "{1B2010F2-A150-4C0E-9400-B8B9281F0765}"
EndProject
Global
	GlobalSection(SolutionConfigurationPlatforms) = preSolution
		Debug|Any CPU = Debug|Any CPU
		Release|Any CPU = Release|Any CPU
	EndGlobalSection
	GlobalSection(ProjectConfigurationPlatforms) = postSolution
		{1B2010F2-A150-4C0E-9400-B8B9281F0765}.Debug|Any CPU.ActiveCfg = Debug|Any CPU
		{1B2010F2-A150-4C0E-9400-B8B9281F0765}.Debug|Any CPU.Build.0 = Debug|Any CPU
		{1B2010F2-A150-4C0E-9400-B8B9281F0765}.Release|Any CPU.ActiveCfg = Release|Any CPU
		{1B2010F2-A150-4C0E-9400-B8B9281F0765}.Release|Any CPU.Build.0 = Release|Any CPU
	EndGlobalSection
	GlobalSection(SolutionProperties) = preSolution
		HideSolutionNode = FALSE
	EndGlobalSection
	GlobalSection(ExtensibilityGlobals) = postSolution
		SolutionGuid = {434753DA-1215-4AB2-8DB4-AEB944A5FE80}
	EndGlobalSection
EndGlobal
