
Microsoft Visual Studio Solution File, Format Version 12.00
# Visual Studio Version 16
VisualStudioVersion = 16.0.32510.428
MinimumVisualStudioVersion = 10.0.40219.1
Project("{FAE04EC0-301F-11D3-BF4B-00C04F79EFBC}") = "CustomerApi", "CustomerApi\CustomerApi.csproj", "{67A3B6FD-848B-46A8-9338-711D6E857A61}"
EndProject
Global
	GlobalSection(SolutionConfigurationPlatforms) = preSolution
		Debug|Any CPU = Debug|Any CPU
		Release|Any CPU = Release|Any CPU
	EndGlobalSection
	GlobalSection(ProjectConfigurationPlatforms) = postSolution
		{67A3B6FD-848B-46A8-9338-711D6E857A61}.Debug|Any CPU.ActiveCfg = Debug|Any CPU
		{67A3B6FD-848B-46A8-9338-711D6E857A61}.Debug|Any CPU.Build.0 = Debug|Any CPU
		{67A3B6FD-848B-46A8-9338-711D6E857A61}.Release|Any CPU.ActiveCfg = Release|Any CPU
		{67A3B6FD-848B-46A8-9338-711D6E857A61}.Release|Any CPU.Build.0 = Release|Any CPU
	EndGlobalSection
	GlobalSection(SolutionProperties) = preSolution
		HideSolutionNode = FALSE
	EndGlobalSection
	GlobalSection(ExtensibilityGlobals) = postSolution
		SolutionGuid = {15D82104-C21F-44BD-BC65-039251B25B8F}
	EndGlobalSection
EndGlobal
